
Microsoft Visual Studio Solution File, Format Version 12.00
# Visual Studio Version 17
VisualStudioVersion = 17.3.32929.385
MinimumVisualStudioVersion = 10.0.40219.1
Project("{888888A0-9F3D-457C-B088-3A5042F75D52}") = "just_in_case", "just_in_case.pyproj", "{6C83D592-9348-4D62-A6C5-12474A579844}"
EndProject
Global
	GlobalSection(SolutionConfigurationPlatforms) = preSolution
		Debug|Any CPU = Debug|Any CPU
		Release|Any CPU = Release|Any CPU
	EndGlobalSection
	GlobalSection(ProjectConfigurationPlatforms) = postSolution
		{6C83D592-9348-4D62-A6C5-12474A579844}.Debug|Any CPU.ActiveCfg = Debug|Any CPU
		{6C83D592-9348-4D62-A6C5-12474A579844}.Release|Any CPU.ActiveCfg = Release|Any CPU
	EndGlobalSection
	GlobalSection(SolutionProperties) = preSolution
		HideSolutionNode = FALSE
	EndGlobalSection
	GlobalSection(ExtensibilityGlobals) = postSolution
		SolutionGuid = {2923FC71-AC92-4D1A-93EC-FA2AAB6D3ADB}
	EndGlobalSection
EndGlobal
